
Microsoft Visual Studio Solution File, Format Version 12.00
# Visual Studio Version 16
VisualStudioVersion = 16.0.31515.178
MinimumVisualStudioVersion = 10.0.40219.1
Project("{9A19103F-16F7-4668-BE54-9A1E7A4F7556}") = "AutoAnalytics.Upload.Cmd", "dreamscape_upload_lib\AutoAnalytics.Upload.Cmd.csproj", "{8DD1BA8B-5FC3-4DE6-B17D-7FB6F8378189}"
EndProject
Project("{9A19103F-16F7-4668-BE54-9A1E7A4F7556}") = "AutoAnalytics.Upload.ExcelReader", "AutoAnalytics.Upload.ExcelParser\AutoAnalytics.Upload.ExcelReader.csproj", "{DFB0979C-ADBF-4968-80CE-E71A519064B9}"
EndProject
Project("{9A19103F-16F7-4668-BE54-9A1E7A4F7556}") = "AutoAnalytics.Upload.ExcelReader.Model", "AutoAnalytics.Upload.Models\AutoAnalytics.Upload.ExcelReader.Model.csproj", "{EA4C5AA4-E5F9-4BCC-8521-84AF97B50E76}"
EndProject
Project("{9A19103F-16F7-4668-BE54-9A1E7A4F7556}") = "AutoAnalytics.DbUpload.DataUpload.PostgreSQL", "AutoAnalytics.Upload.PostgresUploader\AutoAnalytics.DbUpload.DataUpload.PostgreSQL.csproj", "{0066CCD3-49F1-4EA9-A639-D53B9A67A7FC}"
EndProject
Project("{2150E333-8FDC-42A3-9474-1A3956D46DE8}") = "ExcelReader", "ExcelReader", "{B7AAE6C6-1EAE-4C46-A758-E8AA18CD3076}"
EndProject
Project("{9A19103F-16F7-4668-BE54-9A1E7A4F7556}") = "AutoAnalytics.DbUpload.DataTransfer", "AutoAnalytics.Upload.Uploader\AutoAnalytics.DbUpload.DataTransfer.csproj", "{12845F1E-7A06-4852-95FB-DF31DE8D0BB5}"
EndProject
Project("{2150E333-8FDC-42A3-9474-1A3956D46DE8}") = "DbUpload", "DbUpload", "{93B1C53B-071C-472F-B808-A98F14B83A95}"
EndProject
Project("{2150E333-8FDC-42A3-9474-1A3956D46DE8}") = "DataRead", "DataRead", "{89D83C0E-39A1-477A-B4AC-995C572C393A}"
EndProject
Project("{2150E333-8FDC-42A3-9474-1A3956D46DE8}") = "DataUpload", "DataUpload", "{56B5CBC3-DDEF-410B-8D85-E7E6D15AEF24}"
EndProject
Project("{2150E333-8FDC-42A3-9474-1A3956D46DE8}") = "DataTransfer", "DataTransfer", "{3E4DCDCF-D876-49F4-8EE8-E2DB269CFB72}"
EndProject
Project("{2150E333-8FDC-42A3-9474-1A3956D46DE8}") = "UI", "UI", "{42A35B7A-0C5A-4E89-989B-A3D71B7BFBC3}"
EndProject
Project("{2150E333-8FDC-42A3-9474-1A3956D46DE8}") = "PostgreSQL", "PostgreSQL", "{9821B86A-0255-4AD3-B5CD-79C6FCD1FC7E}"
EndProject
Project("{2150E333-8FDC-42A3-9474-1A3956D46DE8}") = "IReader", "IReader", "{EFC4279F-79AA-4F32-86C5-8AE92E774F4B}"
EndProject
Project("{2150E333-8FDC-42A3-9474-1A3956D46DE8}") = "IUploader", "IUploader", "{A7359E8F-B183-4609-865A-5A42806E4600}"
EndProject
Global
	GlobalSection(SolutionConfigurationPlatforms) = preSolution
		Debug|Any CPU = Debug|Any CPU
		Release|Any CPU = Release|Any CPU
	EndGlobalSection
	GlobalSection(ProjectConfigurationPlatforms) = postSolution
		{8DD1BA8B-5FC3-4DE6-B17D-7FB6F8378189}.Debug|Any CPU.ActiveCfg = Debug|Any CPU
		{8DD1BA8B-5FC3-4DE6-B17D-7FB6F8378189}.Debug|Any CPU.Build.0 = Debug|Any CPU
		{8DD1BA8B-5FC3-4DE6-B17D-7FB6F8378189}.Release|Any CPU.ActiveCfg = Release|Any CPU
		{8DD1BA8B-5FC3-4DE6-B17D-7FB6F8378189}.Release|Any CPU.Build.0 = Release|Any CPU
		{DFB0979C-ADBF-4968-80CE-E71A519064B9}.Debug|Any CPU.ActiveCfg = Debug|Any CPU
		{DFB0979C-ADBF-4968-80CE-E71A519064B9}.Debug|Any CPU.Build.0 = Debug|Any CPU
		{DFB0979C-ADBF-4968-80CE-E71A519064B9}.Release|Any CPU.ActiveCfg = Release|Any CPU
		{DFB0979C-ADBF-4968-80CE-E71A519064B9}.Release|Any CPU.Build.0 = Release|Any CPU
		{EA4C5AA4-E5F9-4BCC-8521-84AF97B50E76}.Debug|Any CPU.ActiveCfg = Debug|Any CPU
		{EA4C5AA4-E5F9-4BCC-8521-84AF97B50E76}.Debug|Any CPU.Build.0 = Debug|Any CPU
		{EA4C5AA4-E5F9-4BCC-8521-84AF97B50E76}.Release|Any CPU.ActiveCfg = Release|Any CPU
		{EA4C5AA4-E5F9-4BCC-8521-84AF97B50E76}.Release|Any CPU.Build.0 = Release|Any CPU
		{0066CCD3-49F1-4EA9-A639-D53B9A67A7FC}.Debug|Any CPU.ActiveCfg = Debug|Any CPU
		{0066CCD3-49F1-4EA9-A639-D53B9A67A7FC}.Debug|Any CPU.Build.0 = Debug|Any CPU
		{0066CCD3-49F1-4EA9-A639-D53B9A67A7FC}.Release|Any CPU.ActiveCfg = Release|Any CPU
		{0066CCD3-49F1-4EA9-A639-D53B9A67A7FC}.Release|Any CPU.Build.0 = Release|Any CPU
		{12845F1E-7A06-4852-95FB-DF31DE8D0BB5}.Debug|Any CPU.ActiveCfg = Debug|Any CPU
		{12845F1E-7A06-4852-95FB-DF31DE8D0BB5}.Debug|Any CPU.Build.0 = Debug|Any CPU
		{12845F1E-7A06-4852-95FB-DF31DE8D0BB5}.Release|Any CPU.ActiveCfg = Release|Any CPU
		{12845F1E-7A06-4852-95FB-DF31DE8D0BB5}.Release|Any CPU.Build.0 = Release|Any CPU
	EndGlobalSection
	GlobalSection(SolutionProperties) = preSolution
		HideSolutionNode = FALSE
	EndGlobalSection
	GlobalSection(NestedProjects) = preSolution
		{8DD1BA8B-5FC3-4DE6-B17D-7FB6F8378189} = {42A35B7A-0C5A-4E89-989B-A3D71B7BFBC3}
		{DFB0979C-ADBF-4968-80CE-E71A519064B9} = {B7AAE6C6-1EAE-4C46-A758-E8AA18CD3076}
		{EA4C5AA4-E5F9-4BCC-8521-84AF97B50E76} = {B7AAE6C6-1EAE-4C46-A758-E8AA18CD3076}
		{0066CCD3-49F1-4EA9-A639-D53B9A67A7FC} = {9821B86A-0255-4AD3-B5CD-79C6FCD1FC7E}
		{B7AAE6C6-1EAE-4C46-A758-E8AA18CD3076} = {89D83C0E-39A1-477A-B4AC-995C572C393A}
		{12845F1E-7A06-4852-95FB-DF31DE8D0BB5} = {3E4DCDCF-D876-49F4-8EE8-E2DB269CFB72}
		{89D83C0E-39A1-477A-B4AC-995C572C393A} = {93B1C53B-071C-472F-B808-A98F14B83A95}
		{56B5CBC3-DDEF-410B-8D85-E7E6D15AEF24} = {93B1C53B-071C-472F-B808-A98F14B83A95}
		{3E4DCDCF-D876-49F4-8EE8-E2DB269CFB72} = {93B1C53B-071C-472F-B808-A98F14B83A95}
		{42A35B7A-0C5A-4E89-989B-A3D71B7BFBC3} = {93B1C53B-071C-472F-B808-A98F14B83A95}
		{9821B86A-0255-4AD3-B5CD-79C6FCD1FC7E} = {56B5CBC3-DDEF-410B-8D85-E7E6D15AEF24}
		{EFC4279F-79AA-4F32-86C5-8AE92E774F4B} = {89D83C0E-39A1-477A-B4AC-995C572C393A}
		{A7359E8F-B183-4609-865A-5A42806E4600} = {56B5CBC3-DDEF-410B-8D85-E7E6D15AEF24}
	EndGlobalSection
	GlobalSection(ExtensibilityGlobals) = postSolution
		SolutionGuid = {19BB99CE-7AC8-4237-A8D7-8767837294CE}
	EndGlobalSection
EndGlobal
